
Microsoft Visual Studio Solution File, Format Version 12.00
# Visual Studio Version 17
VisualStudioVersion = 17.12.35527.113
MinimumVisualStudioVersion = 10.0.40219.1
Project("{FAE04EC0-301F-11D3-BF4B-00C04F79EFBC}") = "AggregationAPI", "AggregationAPI\AggregationAPI.csproj", "{0E78E593-1637-46E2-B03F-79686B113FE1}"
EndProject
Project("{2150E333-8FDC-42A3-9474-1A3956D46DE8}") = "Core", "Core", "{4C18838B-CE61-44A3-97A0-6513DB45560F}"
EndProject
Project("{FAE04EC0-301F-11D3-BF4B-00C04F79EFBC}") = "ApiDtos", "ApiDtos\ApiDtos.csproj", "{2A385F0E-62E4-473B-80B2-4C784D2D251C}"
EndProject
Project("{FAE04EC0-301F-11D3-BF4B-00C04F79EFBC}") = "Application", "Application\Application.csproj", "{C776D444-9B6A-40C4-884C-008F4DEDBE89}"
EndProject
Project("{2150E333-8FDC-42A3-9474-1A3956D46DE8}") = "Services", "Services", "{027CD278-0ECB-43BF-BF12-A89266C9CA01}"
EndProject
Project("{FAE04EC0-301F-11D3-BF4B-00C04F79EFBC}") = "Domain", "Domain\Domain.csproj", "{1767BC84-DE3D-4E61-851C-C994FA548F50}"
EndProject
Project("{FAE04EC0-301F-11D3-BF4B-00C04F79EFBC}") = "TwitterServices", "TwitterService\TwitterServices.csproj", "{48AB9A3D-266C-4284-89A2-0C6133B933CF}"
EndProject
Project("{FAE04EC0-301F-11D3-BF4B-00C04F79EFBC}") = "OpenWeatherMapServices", "OpenWeatherMapServices\OpenWeatherMapServices.csproj", "{2F39CE39-5564-4EFE-91F3-23D1EE155D9A}"
EndProject
Project("{FAE04EC0-301F-11D3-BF4B-00C04F79EFBC}") = "NewsApiServices", "NewsApiService\NewsApiServices.csproj", "{D156D37D-FBEE-4FFC-9EF0-26AD72628A56}"
EndProject
Project("{FAE04EC0-301F-11D3-BF4B-00C04F79EFBC}") = "CacheServices", "CacheService\CacheServices.csproj", "{9A8824D6-8B10-4046-B90E-7045A100B2BF}"
EndProject
Project("{2150E333-8FDC-42A3-9474-1A3956D46DE8}") = "Test", "Test", "{CB345F48-D531-47B7-9692-FED3AB2B8174}"
EndProject
Project("{FAE04EC0-301F-11D3-BF4B-00C04F79EFBC}") = "StatisticServices", "StatisticServices\StatisticServices.csproj", "{5CE16F07-CD1B-4023-AE29-708F490DEA19}"
EndProject
Project("{FAE04EC0-301F-11D3-BF4B-00C04F79EFBC}") = "AggregationAPI.Tests", "AggregationAPI.Tests\AggregationAPI.Tests.csproj", "{5FCFA0C0-A5E5-487F-9EDC-E5CCF4AE55A0}"
EndProject
Project("{2150E333-8FDC-42A3-9474-1A3956D46DE8}") = "Applications", "Applications", "{0D19A8AA-76E5-49D1-A418-F6F60BE9F63D}"
EndProject
Project("{FAE04EC0-301F-11D3-BF4B-00C04F79EFBC}") = "SingletonDesignPatternServices", "SingletonDesignPattern\SingletonDesignPatternServices.csproj", "{1FF3B6F7-7651-4EC8-96E3-83B6ED5E0393}"
EndProject
Project("{2150E333-8FDC-42A3-9474-1A3956D46DE8}") = "DesignPatterns", "DesignPatterns", "{B2EC964D-C9A2-40C3-9A3D-BC6EAC08AE6A}"
EndProject
Project("{FAE04EC0-301F-11D3-BF4B-00C04F79EFBC}") = "FactoryDesignPatternServices", "FactoryDesignPattern\FactoryDesignPatternServices.csproj", "{76F4FF50-4E84-4CE7-BE50-C70CA40D2039}"
EndProject
Project("{FAE04EC0-301F-11D3-BF4B-00C04F79EFBC}") = "StrategyDesignPatternServices", "StrategyDesignPatternServices\StrategyDesignPatternServices.csproj", "{1B71E744-015E-4456-BB9E-7C05BE7AEAB3}"
EndProject
Global
	GlobalSection(SolutionConfigurationPlatforms) = preSolution
		Debug|Any CPU = Debug|Any CPU
		Release|Any CPU = Release|Any CPU
	EndGlobalSection
	GlobalSection(ProjectConfigurationPlatforms) = postSolution
		{0E78E593-1637-46E2-B03F-79686B113FE1}.Debug|Any CPU.ActiveCfg = Debug|Any CPU
		{0E78E593-1637-46E2-B03F-79686B113FE1}.Debug|Any CPU.Build.0 = Debug|Any CPU
		{0E78E593-1637-46E2-B03F-79686B113FE1}.Release|Any CPU.ActiveCfg = Release|Any CPU
		{0E78E593-1637-46E2-B03F-79686B113FE1}.Release|Any CPU.Build.0 = Release|Any CPU
		{2A385F0E-62E4-473B-80B2-4C784D2D251C}.Debug|Any CPU.ActiveCfg = Debug|Any CPU
		{2A385F0E-62E4-473B-80B2-4C784D2D251C}.Debug|Any CPU.Build.0 = Debug|Any CPU
		{2A385F0E-62E4-473B-80B2-4C784D2D251C}.Release|Any CPU.ActiveCfg = Release|Any CPU
		{2A385F0E-62E4-473B-80B2-4C784D2D251C}.Release|Any CPU.Build.0 = Release|Any CPU
		{C776D444-9B6A-40C4-884C-008F4DEDBE89}.Debug|Any CPU.ActiveCfg = Debug|Any CPU
		{C776D444-9B6A-40C4-884C-008F4DEDBE89}.Debug|Any CPU.Build.0 = Debug|Any CPU
		{C776D444-9B6A-40C4-884C-008F4DEDBE89}.Release|Any CPU.ActiveCfg = Release|Any CPU
		{C776D444-9B6A-40C4-884C-008F4DEDBE89}.Release|Any CPU.Build.0 = Release|Any CPU
		{1767BC84-DE3D-4E61-851C-C994FA548F50}.Debug|Any CPU.ActiveCfg = Debug|Any CPU
		{1767BC84-DE3D-4E61-851C-C994FA548F50}.Debug|Any CPU.Build.0 = Debug|Any CPU
		{1767BC84-DE3D-4E61-851C-C994FA548F50}.Release|Any CPU.ActiveCfg = Release|Any CPU
		{1767BC84-DE3D-4E61-851C-C994FA548F50}.Release|Any CPU.Build.0 = Release|Any CPU
		{48AB9A3D-266C-4284-89A2-0C6133B933CF}.Debug|Any CPU.ActiveCfg = Debug|Any CPU
		{48AB9A3D-266C-4284-89A2-0C6133B933CF}.Debug|Any CPU.Build.0 = Debug|Any CPU
		{48AB9A3D-266C-4284-89A2-0C6133B933CF}.Release|Any CPU.ActiveCfg = Release|Any CPU
		{48AB9A3D-266C-4284-89A2-0C6133B933CF}.Release|Any CPU.Build.0 = Release|Any CPU
		{2F39CE39-5564-4EFE-91F3-23D1EE155D9A}.Debug|Any CPU.ActiveCfg = Debug|Any CPU
		{2F39CE39-5564-4EFE-91F3-23D1EE155D9A}.Debug|Any CPU.Build.0 = Debug|Any CPU
		{2F39CE39-5564-4EFE-91F3-23D1EE155D9A}.Release|Any CPU.ActiveCfg = Release|Any CPU
		{2F39CE39-5564-4EFE-91F3-23D1EE155D9A}.Release|Any CPU.Build.0 = Release|Any CPU
		{D156D37D-FBEE-4FFC-9EF0-26AD72628A56}.Debug|Any CPU.ActiveCfg = Debug|Any CPU
		{D156D37D-FBEE-4FFC-9EF0-26AD72628A56}.Debug|Any CPU.Build.0 = Debug|Any CPU
		{D156D37D-FBEE-4FFC-9EF0-26AD72628A56}.Release|Any CPU.ActiveCfg = Release|Any CPU
		{D156D37D-FBEE-4FFC-9EF0-26AD72628A56}.Release|Any CPU.Build.0 = Release|Any CPU
		{9A8824D6-8B10-4046-B90E-7045A100B2BF}.Debug|Any CPU.ActiveCfg = Debug|Any CPU
		{9A8824D6-8B10-4046-B90E-7045A100B2BF}.Debug|Any CPU.Build.0 = Debug|Any CPU
		{9A8824D6-8B10-4046-B90E-7045A100B2BF}.Release|Any CPU.ActiveCfg = Release|Any CPU
		{9A8824D6-8B10-4046-B90E-7045A100B2BF}.Release|Any CPU.Build.0 = Release|Any CPU
		{5CE16F07-CD1B-4023-AE29-708F490DEA19}.Debug|Any CPU.ActiveCfg = Debug|Any CPU
		{5CE16F07-CD1B-4023-AE29-708F490DEA19}.Debug|Any CPU.Build.0 = Debug|Any CPU
		{5CE16F07-CD1B-4023-AE29-708F490DEA19}.Release|Any CPU.ActiveCfg = Release|Any CPU
		{5CE16F07-CD1B-4023-AE29-708F490DEA19}.Release|Any CPU.Build.0 = Release|Any CPU
		{5FCFA0C0-A5E5-487F-9EDC-E5CCF4AE55A0}.Debug|Any CPU.ActiveCfg = Debug|Any CPU
		{5FCFA0C0-A5E5-487F-9EDC-E5CCF4AE55A0}.Debug|Any CPU.Build.0 = Debug|Any CPU
		{5FCFA0C0-A5E5-487F-9EDC-E5CCF4AE55A0}.Release|Any CPU.ActiveCfg = Release|Any CPU
		{5FCFA0C0-A5E5-487F-9EDC-E5CCF4AE55A0}.Release|Any CPU.Build.0 = Release|Any CPU
		{1FF3B6F7-7651-4EC8-96E3-83B6ED5E0393}.Debug|Any CPU.ActiveCfg = Debug|Any CPU
		{1FF3B6F7-7651-4EC8-96E3-83B6ED5E0393}.Debug|Any CPU.Build.0 = Debug|Any CPU
		{1FF3B6F7-7651-4EC8-96E3-83B6ED5E0393}.Release|Any CPU.ActiveCfg = Release|Any CPU
		{1FF3B6F7-7651-4EC8-96E3-83B6ED5E0393}.Release|Any CPU.Build.0 = Release|Any CPU
		{76F4FF50-4E84-4CE7-BE50-C70CA40D2039}.Debug|Any CPU.ActiveCfg = Debug|Any CPU
		{76F4FF50-4E84-4CE7-BE50-C70CA40D2039}.Debug|Any CPU.Build.0 = Debug|Any CPU
		{76F4FF50-4E84-4CE7-BE50-C70CA40D2039}.Release|Any CPU.ActiveCfg = Release|Any CPU
		{76F4FF50-4E84-4CE7-BE50-C70CA40D2039}.Release|Any CPU.Build.0 = Release|Any CPU
		{1B71E744-015E-4456-BB9E-7C05BE7AEAB3}.Debug|Any CPU.ActiveCfg = Debug|Any CPU
		{1B71E744-015E-4456-BB9E-7C05BE7AEAB3}.Debug|Any CPU.Build.0 = Debug|Any CPU
		{1B71E744-015E-4456-BB9E-7C05BE7AEAB3}.Release|Any CPU.ActiveCfg = Release|Any CPU
		{1B71E744-015E-4456-BB9E-7C05BE7AEAB3}.Release|Any CPU.Build.0 = Release|Any CPU
	EndGlobalSection
	GlobalSection(SolutionProperties) = preSolution
		HideSolutionNode = FALSE
	EndGlobalSection
	GlobalSection(NestedProjects) = preSolution
		{2A385F0E-62E4-473B-80B2-4C784D2D251C} = {4C18838B-CE61-44A3-97A0-6513DB45560F}
		{C776D444-9B6A-40C4-884C-008F4DEDBE89} = {0D19A8AA-76E5-49D1-A418-F6F60BE9F63D}
		{1767BC84-DE3D-4E61-851C-C994FA548F50} = {4C18838B-CE61-44A3-97A0-6513DB45560F}
		{48AB9A3D-266C-4284-89A2-0C6133B933CF} = {027CD278-0ECB-43BF-BF12-A89266C9CA01}
		{2F39CE39-5564-4EFE-91F3-23D1EE155D9A} = {027CD278-0ECB-43BF-BF12-A89266C9CA01}
		{D156D37D-FBEE-4FFC-9EF0-26AD72628A56} = {027CD278-0ECB-43BF-BF12-A89266C9CA01}
		{9A8824D6-8B10-4046-B90E-7045A100B2BF} = {027CD278-0ECB-43BF-BF12-A89266C9CA01}
		{5CE16F07-CD1B-4023-AE29-708F490DEA19} = {027CD278-0ECB-43BF-BF12-A89266C9CA01}
		{5FCFA0C0-A5E5-487F-9EDC-E5CCF4AE55A0} = {CB345F48-D531-47B7-9692-FED3AB2B8174}
		{1FF3B6F7-7651-4EC8-96E3-83B6ED5E0393} = {B2EC964D-C9A2-40C3-9A3D-BC6EAC08AE6A}
		{B2EC964D-C9A2-40C3-9A3D-BC6EAC08AE6A} = {027CD278-0ECB-43BF-BF12-A89266C9CA01}
		{76F4FF50-4E84-4CE7-BE50-C70CA40D2039} = {B2EC964D-C9A2-40C3-9A3D-BC6EAC08AE6A}
		{1B71E744-015E-4456-BB9E-7C05BE7AEAB3} = {B2EC964D-C9A2-40C3-9A3D-BC6EAC08AE6A}
	EndGlobalSection
EndGlobal
